{
  "name": "react-media-recorder",
  "version": "1.7.1",
  "lockfileVersion": 2,
  "requires": true,
  "packages": {
    "": {
      "name": "react-media-recorder",
      "version": "1.7.1",
      "license": "MIT",
      "dependencies": {
        "extendable-media-recorder": "^6.6.5",
        "extendable-media-recorder-wav-encoder": "^7.0.68"
      },
      "devDependencies": {
        "@types/react": "^16.9.11",
        "jsmin": "^1.0.1",
        "typescript": "^4.4.3"
      }
    },
    "node_modules/@babel/runtime": {
      "version": "7.25.6",
      "resolved": "https://registry.npmjs.org/@babel/runtime/-/runtime-7.25.6.tgz",
      "integrity": "sha512-VBj9MYyDb9tuLq7yzqjgzt6Q+IBQLrGZfdjOekyEirZPHxXWoTSGUTMrpsfi58Up73d13NfYLv8HT9vmznjzhQ==",
      "dependencies": {
        "regenerator-runtime": "^0.14.0"
      },
      "engines": {
        "node": ">=6.9.0"
      }
    },
    "node_modules/@types/prop-types": {
      "version": "15.7.4",
      "resolved": "https://registry.npmjs.org/@types/prop-types/-/prop-types-15.7.4.tgz",
      "integrity": "sha512-rZ5drC/jWjrArrS8BR6SIr4cWpW09RNTYt9AMZo3Jwwif+iacXAqgVjm0B0Bv/S1jhDXKHqRVNCbACkJ89RAnQ==",
      "dev": true
    },
    "node_modules/@types/react": {
      "version": "16.14.15",
      "resolved": "https://registry.npmjs.org/@types/react/-/react-16.14.15.tgz",
      "integrity": "sha512-jOxlBV9RGZhphdeqJTCv35VZOkjY+XIEY2owwSk84BNDdDv2xS6Csj6fhi+B/q30SR9Tz8lDNt/F2Z5RF3TrRg==",
      "dev": true,
      "dependencies": {
        "@types/prop-types": "*",
        "@types/scheduler": "*",
        "csstype": "^3.0.2"
      }
    },
    "node_modules/@types/scheduler": {
      "version": "0.16.2",
      "resolved": "https://registry.npmjs.org/@types/scheduler/-/scheduler-0.16.2.tgz",
      "integrity": "sha512-hppQEBDmlwhFAXKJX2KnWLYu5yMfi91yazPb2l+lbJiwW+wdo1gNeRA+3RgNSO39WYX2euey41KEwnqesU2Jew==",
      "dev": true
    },
    "node_modules/automation-events": {
      "version": "7.0.9",
      "resolved": "https://registry.npmjs.org/automation-events/-/automation-events-7.0.9.tgz",
      "integrity": "sha512-BvN5ynKILdG5UoONshTQu+9W1LXXtBR//OHvAjOe1XfQ1Y4muFyApjcG71alVIyVwsJLBjbh1jqbTrU22FuZEA==",
      "dependencies": {
        "@babel/runtime": "^7.25.6",
        "tslib": "^2.7.0"
      },
      "engines": {
        "node": ">=18.2.0"
      }
    },
    "node_modules/broker-factory": {
      "version": "3.0.102",
      "resolved": "https://registry.npmjs.org/broker-factory/-/broker-factory-3.0.102.tgz",
      "integrity": "sha512-nVJJRSba3otuE7PjsWvtEqdKaKScTD7P5z4EQICB93XNl9jgJXjkCGb+5f1WE4S+g1amBXVVE7vmPDPowpN2Qw==",
      "dependencies": {
        "@babel/runtime": "^7.25.6",
        "fast-unique-numbers": "^9.0.9",
        "tslib": "^2.7.0",
        "worker-factory": "^7.0.29"
      }
    },
    "node_modules/compilerr": {
      "version": "10.0.2",
      "resolved": "https://registry.npmjs.org/compilerr/-/compilerr-10.0.2.tgz",
      "integrity": "sha512-CFwUXxJ9OuWsSvnLSbefxi+GLsZ0YnuJh40ry5QdmZ1FWK59OG+QB8XSj6t7Kq+/c5DSS7en+cML6GlzHKH58A==",
      "dependencies": {
        "@babel/runtime": "^7.21.0",
        "dashify": "^2.0.0",
        "indefinite-article": "0.0.2",
        "tslib": "^2.5.0"
      },
      "engines": {
        "node": ">=14.15.4"
      }
    },
    "node_modules/csstype": {
      "version": "3.0.9",
      "resolved": "https://registry.npmjs.org/csstype/-/csstype-3.0.9.tgz",
      "integrity": "sha512-rpw6JPxK6Rfg1zLOYCSwle2GFOOsnjmDYDaBwEcwoOg4qlsIVCN789VkBZDJAGi4T07gI4YSutR43t9Zz4Lzuw==",
      "dev": true
    },
    "node_modules/dashify": {
      "version": "2.0.0",
      "resolved": "https://registry.npmjs.org/dashify/-/dashify-2.0.0.tgz",
      "integrity": "sha512-hpA5C/YrPjucXypHPPc0oJ1l9Hf6wWbiOL7Ik42cxnsUOhWiCB/fylKbKqqJalW9FgkNQCw16YO8uW9Hs0Iy1A==",
      "engines": {
        "node": ">=4"
      }
    },
    "node_modules/extendable-media-recorder": {
      "version": "6.6.10",
      "resolved": "https://registry.npmjs.org/extendable-media-recorder/-/extendable-media-recorder-6.6.10.tgz",
      "integrity": "sha512-gnSmLqDFq40ZdbGfuarnMLNqYPLCPpPr0p21V+g67wG4Pv2oCc/ga8sfsZrEM5GywEi7FcpyRm3z99JWZ/0aPw==",
      "dependencies": {
        "@babel/runtime": "^7.18.9",
        "media-encoder-host": "^8.0.76",
        "multi-buffer-data-view": "^3.0.20",
        "recorder-audio-worklet": "^5.1.26",
        "standardized-audio-context": "^25.3.29",
        "subscribable-things": "^2.1.6",
        "tslib": "^2.4.0"
      }
    },
    "node_modules/extendable-media-recorder-wav-encoder": {
      "version": "7.0.115",
      "resolved": "https://registry.npmjs.org/extendable-media-recorder-wav-encoder/-/extendable-media-recorder-wav-encoder-7.0.115.tgz",
      "integrity": "sha512-HGEBmuVVniVfJXSXBsibiOmH/zzVggBvqMyEcJagb5Tvj/rxCsSYV9GsrX2YU7kcv0ymOBdhV/Pbvnmy9QOj5g==",
      "dependencies": {
        "@babel/runtime": "^7.25.6",
        "extendable-media-recorder-wav-encoder-broker": "^7.0.106",
        "extendable-media-recorder-wav-encoder-worker": "^8.0.103",
        "tslib": "^2.7.0"
      }
    },
    "node_modules/extendable-media-recorder-wav-encoder-broker": {
      "version": "7.0.106",
      "resolved": "https://registry.npmjs.org/extendable-media-recorder-wav-encoder-broker/-/extendable-media-recorder-wav-encoder-broker-7.0.106.tgz",
      "integrity": "sha512-kLtXD3rebhBc/IW8IBnr0SzCBFnZWk8dWqEsPt10+PC6BlYGJ1wKvEP5/q3MW6YDBBGMmN+VYb/qOLqeOhxsIQ==",
      "dependencies": {
        "@babel/runtime": "^7.25.6",
        "broker-factory": "^3.0.102",
        "extendable-media-recorder-wav-encoder-worker": "^8.0.103",
        "tslib": "^2.7.0"
      }
    },
    "node_modules/extendable-media-recorder-wav-encoder-worker": {
      "version": "8.0.103",
      "resolved": "https://registry.npmjs.org/extendable-media-recorder-wav-encoder-worker/-/extendable-media-recorder-wav-encoder-worker-8.0.103.tgz",
      "integrity": "sha512-p2+yUArjGQCIbqaDtDDDeC/IGDeUsRYC2twRjp/0pA3mEuXX6jVVAhm6RFSeKtxkCwjkWWJFnO1Oe0eGKt6rnA==",
      "dependencies": {
        "@babel/runtime": "^7.25.6",
        "tslib": "^2.7.0",
        "worker-factory": "^7.0.29"
      }
    },
    "node_modules/fast-unique-numbers": {
      "version": "9.0.9",
      "resolved": "https://registry.npmjs.org/fast-unique-numbers/-/fast-unique-numbers-9.0.9.tgz",
      "integrity": "sha512-XVGu/UFAjpclSMX6LD/GGiyRu+weUFb8kUxP09yiDmWA1ORxiO5gpOl13ZBqjeb+gg05JA2H7d37UvbSHfW+7w==",
      "dependencies": {
        "@babel/runtime": "^7.25.6",
        "tslib": "^2.7.0"
      },
      "engines": {
        "node": ">=18.2.0"
      }
    },
    "node_modules/indefinite-article": {
      "version": "0.0.2",
      "resolved": "https://registry.npmjs.org/indefinite-article/-/indefinite-article-0.0.2.tgz",
      "integrity": "sha512-Au/2XzRkvxq2J6w5uvSSbBKPZ5kzINx5F2wb0SF8xpRL8BP9Lav81TnRbfPp6p+SYjYxwaaLn4EUwI3/MmYKSw=="
    },
    "node_modules/jsmin": {
      "version": "1.0.1",
      "resolved": "https://registry.npmjs.org/jsmin/-/jsmin-1.0.1.tgz",
      "integrity": "sha1-570NzWSWw79IYyNb9GGj2YqjuYw=",
      "dev": true,
      "bin": {
        "jsmin": "bin/jsmin"
      },
      "engines": {
        "node": ">=0.1.93"
      }
    },
    "node_modules/media-encoder-host": {
      "version": "8.1.0",
      "resolved": "https://registry.npmjs.org/media-encoder-host/-/media-encoder-host-8.1.0.tgz",
      "integrity": "sha512-VwX3ex48ltl+K1ObGEq3IcZp/XqpNTWemd9brC9ovo89rYmCRKTZAp1FCyfAY86RdvSMrUs26lbo45DIDVyERg==",
      "dependencies": {
        "@babel/runtime": "^7.24.4",
        "media-encoder-host-broker": "^7.1.0",
        "media-encoder-host-worker": "^9.2.0",
        "tslib": "^2.6.2"
      }
    },
    "node_modules/media-encoder-host-broker": {
      "version": "7.1.0",
      "resolved": "https://registry.npmjs.org/media-encoder-host-broker/-/media-encoder-host-broker-7.1.0.tgz",
      "integrity": "sha512-Emu3f45Wbf6AoRJxfvZ8e5nh8fRVviBfkABgYNvVUsVBgJ7+l137gn324g/JmNVQhhVQ89fjmGT1kHIJ9JG5Nw==",
      "dependencies": {
        "@babel/runtime": "^7.24.4",
        "broker-factory": "^3.0.97",
        "fast-unique-numbers": "^9.0.4",
        "media-encoder-host-worker": "^9.2.0",
        "tslib": "^2.6.2"
      }
    },
    "node_modules/media-encoder-host-worker": {
      "version": "9.2.0",
      "resolved": "https://registry.npmjs.org/media-encoder-host-worker/-/media-encoder-host-worker-9.2.0.tgz",
      "integrity": "sha512-LrJJgNBDZH2y1PYBLaiYQw9uFU5i3yPvDkDxdko+L3Z4qzhKq9+4eYxKDqlwO4EdOlaiggvMpkgZl3roOniz2A==",
      "dependencies": {
        "@babel/runtime": "^7.24.4",
        "extendable-media-recorder-wav-encoder-broker": "^7.0.100",
        "tslib": "^2.6.2",
        "worker-factory": "^7.0.24"
      }
    },
    "node_modules/multi-buffer-data-view": {
      "version": "3.0.24",
      "resolved": "https://registry.npmjs.org/multi-buffer-data-view/-/multi-buffer-data-view-3.0.24.tgz",
      "integrity": "sha512-jm7Ycplx37ExXyQmqhwl7zfQmAj81y5LLzVx0XyWea4omP9W/xJhLEHs/5b+WojGyYSRt8BHiXZVcYzu68Ma0Q==",
      "dependencies": {
        "@babel/runtime": "^7.20.6",
        "tslib": "^2.4.1"
      },
      "engines": {
        "node": ">=12.20.1"
      }
    },
    "node_modules/recorder-audio-worklet": {
      "version": "5.1.39",
      "resolved": "https://registry.npmjs.org/recorder-audio-worklet/-/recorder-audio-worklet-5.1.39.tgz",
      "integrity": "sha512-w/RazoBwZnkFnEPRsJYNThOHznLQC98/IzWRrutpJQVvCcL0nbLsVSLDaRrnrqVpRUI11VgiXRh30HaHiSdVhQ==",
      "dependencies": {
        "@babel/runtime": "^7.21.0",
        "broker-factory": "^3.0.75",
        "fast-unique-numbers": "^7.0.2",
        "recorder-audio-worklet-processor": "^4.2.21",
        "standardized-audio-context": "^25.3.41",
        "subscribable-things": "^2.1.14",
        "tslib": "^2.5.0",
        "worker-factory": "^6.0.76"
      }
    },
    "node_modules/recorder-audio-worklet-processor": {
      "version": "4.2.21",
      "resolved": "https://registry.npmjs.org/recorder-audio-worklet-processor/-/recorder-audio-worklet-processor-4.2.21.tgz",
      "integrity": "sha512-oiiS2sp6eMxkvjt13yetSYUJvnAxBZk60mIxz0Vf/2lDWa/4svCyMLHIDzYKbHahkISd0UYyqLS9dI7xDlUOCA==",
      "dependencies": {
        "@babel/runtime": "^7.21.0",
        "tslib": "^2.5.0"
      }
    },
    "node_modules/recorder-audio-worklet/node_modules/fast-unique-numbers": {
      "version": "7.0.2",
      "resolved": "https://registry.npmjs.org/fast-unique-numbers/-/fast-unique-numbers-7.0.2.tgz",
      "integrity": "sha512-xnqpsnu889bHbq5cbDMwCJ2BPf6kjFPMu+RHfqKvisRxeEbTOVxY5aW/ZNsZ/r8OlwatxmjdFEVQog2xAhLkvg==",
      "dependencies": {
        "@babel/runtime": "^7.21.0",
        "tslib": "^2.5.0"
      },
      "engines": {
        "node": ">=14.15.4"
      }
    },
    "node_modules/recorder-audio-worklet/node_modules/worker-factory": {
      "version": "6.0.76",
      "resolved": "https://registry.npmjs.org/worker-factory/-/worker-factory-6.0.76.tgz",
      "integrity": "sha512-W1iBNPmE9p0asU4aFmYJYCnMxhkvk4qlKc660GlHxWgmflY64NxxTbmKqipu4K5p9LiKKPjqXfcQme6153BZEQ==",
      "dependencies": {
        "@babel/runtime": "^7.21.0",
        "compilerr": "^10.0.2",
        "fast-unique-numbers": "^7.0.2",
        "tslib": "^2.5.0"
      }
    },
    "node_modules/regenerator-runtime": {
      "version": "0.14.1",
      "resolved": "https://registry.npmjs.org/regenerator-runtime/-/regenerator-runtime-0.14.1.tgz",
      "integrity": "sha512-dYnhHh0nJoMfnkZs6GmmhFknAGRrLznOu5nc9ML+EJxGvrx6H7teuevqVqCuPcPK//3eDrrjQhehXVx9cnkGdw=="
    },
    "node_modules/rxjs-interop": {
      "version": "2.0.0",
      "resolved": "https://registry.npmjs.org/rxjs-interop/-/rxjs-interop-2.0.0.tgz",
      "integrity": "sha512-ASEq9atUw7lualXB+knvgtvwkCEvGWV2gDD/8qnASzBkzEARZck9JAyxmY8OS6Nc1pCPEgDTKNcx+YqqYfzArw=="
    },
    "node_modules/standardized-audio-context": {
      "version": "25.3.77",
      "resolved": "https://registry.npmjs.org/standardized-audio-context/-/standardized-audio-context-25.3.77.tgz",
      "integrity": "sha512-Ki9zNz6pKcC5Pi+QPjPyVsD9GwJIJWgryji0XL9cAJXMGyn+dPOf6Qik1AHei0+UNVcc4BOCa0hWLBzlwqsW/A==",
      "dependencies": {
        "@babel/runtime": "^7.25.6",
        "automation-events": "^7.0.9",
        "tslib": "^2.7.0"
      }
    },
    "node_modules/subscribable-things": {
      "version": "2.1.40",
      "resolved": "https://registry.npmjs.org/subscribable-things/-/subscribable-things-2.1.40.tgz",
      "integrity": "sha512-nWw3aCsTsF4b1HY3vU2iweWGleLpM7hjJsmR1SFabVLcxizWo+zHDVYG/P3nEcdOkYgjCMC4vIaX7vFOrT7RGw==",
      "dependencies": {
        "@babel/runtime": "^7.25.6",
        "rxjs-interop": "^2.0.0",
        "tslib": "^2.7.0"
      }
    },
    "node_modules/tslib": {
      "version": "2.7.0",
      "resolved": "https://registry.npmjs.org/tslib/-/tslib-2.7.0.tgz",
      "integrity": "sha512-gLXCKdN1/j47AiHiOkJN69hJmcbGTHI0ImLmbYLHykhgeN0jVGola9yVjFgzCUklsZQMW55o+dW7IXv3RCXDzA=="
    },
    "node_modules/typescript": {
      "version": "4.4.3",
      "resolved": "https://registry.npmjs.org/typescript/-/typescript-4.4.3.tgz",
      "integrity": "sha512-4xfscpisVgqqDfPaJo5vkd+Qd/ItkoagnHpufr+i2QCHBsNYp+G7UAoyFl8aPtx879u38wPV65rZ8qbGZijalA==",
      "dev": true,
      "bin": {
        "tsc": "bin/tsc",
        "tsserver": "bin/tsserver"
      },
      "engines": {
        "node": ">=4.2.0"
      }
    },
    "node_modules/worker-factory": {
      "version": "7.0.29",
      "resolved": "https://registry.npmjs.org/worker-factory/-/worker-factory-7.0.29.tgz",
      "integrity": "sha512-Nuv/6/Nr70aeBKtiukggJp+o+ewGvgqfjdlJjzlrSi7faPh+5kJ3hFyP3Px5/oEeTUt2ZZ/hgYg1jJFRXi4hAw==",
      "dependencies": {
        "@babel/runtime": "^7.25.6",
        "fast-unique-numbers": "^9.0.9",
        "tslib": "^2.7.0"
      }
    }
  },
  "dependencies": {
    "@babel/runtime": {
      "version": "7.25.6",
      "resolved": "https://registry.npmjs.org/@babel/runtime/-/runtime-7.25.6.tgz",
      "integrity": "sha512-VBj9MYyDb9tuLq7yzqjgzt6Q+IBQLrGZfdjOekyEirZPHxXWoTSGUTMrpsfi58Up73d13NfYLv8HT9vmznjzhQ==",
      "requires": {
        "regenerator-runtime": "^0.14.0"
      }
    },
    "@types/prop-types": {
      "version": "15.7.4",
      "resolved": "https://registry.npmjs.org/@types/prop-types/-/prop-types-15.7.4.tgz",
      "integrity": "sha512-rZ5drC/jWjrArrS8BR6SIr4cWpW09RNTYt9AMZo3Jwwif+iacXAqgVjm0B0Bv/S1jhDXKHqRVNCbACkJ89RAnQ==",
      "dev": true
    },
    "@types/react": {
      "version": "16.14.15",
      "resolved": "https://registry.npmjs.org/@types/react/-/react-16.14.15.tgz",
      "integrity": "sha512-jOxlBV9RGZhphdeqJTCv35VZOkjY+XIEY2owwSk84BNDdDv2xS6Csj6fhi+B/q30SR9Tz8lDNt/F2Z5RF3TrRg==",
      "dev": true,
      "requires": {
        "@types/prop-types": "*",
        "@types/scheduler": "*",
        "csstype": "^3.0.2"
      }
    },
    "@types/scheduler": {
      "version": "0.16.2",
      "resolved": "https://registry.npmjs.org/@types/scheduler/-/scheduler-0.16.2.tgz",
      "integrity": "sha512-hppQEBDmlwhFAXKJX2KnWLYu5yMfi91yazPb2l+lbJiwW+wdo1gNeRA+3RgNSO39WYX2euey41KEwnqesU2Jew==",
      "dev": true
    },
    "automation-events": {
      "version": "7.0.9",
      "resolved": "https://registry.npmjs.org/automation-events/-/automation-events-7.0.9.tgz",
      "integrity": "sha512-BvN5ynKILdG5UoONshTQu+9W1LXXtBR//OHvAjOe1XfQ1Y4muFyApjcG71alVIyVwsJLBjbh1jqbTrU22FuZEA==",
      "requires": {
        "@babel/runtime": "^7.25.6",
        "tslib": "^2.7.0"
      }
    },
    "broker-factory": {
      "version": "3.0.102",
      "resolved": "https://registry.npmjs.org/broker-factory/-/broker-factory-3.0.102.tgz",
      "integrity": "sha512-nVJJRSba3otuE7PjsWvtEqdKaKScTD7P5z4EQICB93XNl9jgJXjkCGb+5f1WE4S+g1amBXVVE7vmPDPowpN2Qw==",
      "requires": {
        "@babel/runtime": "^7.25.6",
        "fast-unique-numbers": "^9.0.9",
        "tslib": "^2.7.0",
        "worker-factory": "^7.0.29"
      }
    },
    "compilerr": {
      "version": "10.0.2",
      "resolved": "https://registry.npmjs.org/compilerr/-/compilerr-10.0.2.tgz",
      "integrity": "sha512-CFwUXxJ9OuWsSvnLSbefxi+GLsZ0YnuJh40ry5QdmZ1FWK59OG+QB8XSj6t7Kq+/c5DSS7en+cML6GlzHKH58A==",
      "requires": {
        "@babel/runtime": "^7.21.0",
        "dashify": "^2.0.0",
        "indefinite-article": "0.0.2",
        "tslib": "^2.5.0"
      }
    },
    "csstype": {
      "version": "3.0.9",
      "resolved": "https://registry.npmjs.org/csstype/-/csstype-3.0.9.tgz",
      "integrity": "sha512-rpw6JPxK6Rfg1zLOYCSwle2GFOOsnjmDYDaBwEcwoOg4qlsIVCN789VkBZDJAGi4T07gI4YSutR43t9Zz4Lzuw==",
      "dev": true
    },
    "dashify": {
      "version": "2.0.0",
      "resolved": "https://registry.npmjs.org/dashify/-/dashify-2.0.0.tgz",
      "integrity": "sha512-hpA5C/YrPjucXypHPPc0oJ1l9Hf6wWbiOL7Ik42cxnsUOhWiCB/fylKbKqqJalW9FgkNQCw16YO8uW9Hs0Iy1A=="
    },
    "extendable-media-recorder": {
      "version": "6.6.10",
      "resolved": "https://registry.npmjs.org/extendable-media-recorder/-/extendable-media-recorder-6.6.10.tgz",
      "integrity": "sha512-gnSmLqDFq40ZdbGfuarnMLNqYPLCPpPr0p21V+g67wG4Pv2oCc/ga8sfsZrEM5GywEi7FcpyRm3z99JWZ/0aPw==",
      "requires": {
        "@babel/runtime": "^7.18.9",
        "media-encoder-host": "^8.0.76",
        "multi-buffer-data-view": "^3.0.20",
        "recorder-audio-worklet": "^5.1.26",
        "standardized-audio-context": "^25.3.29",
        "subscribable-things": "^2.1.6",
        "tslib": "^2.4.0"
      }
    },
    "extendable-media-recorder-wav-encoder": {
      "version": "7.0.115",
      "resolved": "https://registry.npmjs.org/extendable-media-recorder-wav-encoder/-/extendable-media-recorder-wav-encoder-7.0.115.tgz",
      "integrity": "sha512-HGEBmuVVniVfJXSXBsibiOmH/zzVggBvqMyEcJagb5Tvj/rxCsSYV9GsrX2YU7kcv0ymOBdhV/Pbvnmy9QOj5g==",
      "requires": {
        "@babel/runtime": "^7.25.6",
        "extendable-media-recorder-wav-encoder-broker": "^7.0.106",
        "extendable-media-recorder-wav-encoder-worker": "^8.0.103",
        "tslib": "^2.7.0"
      }
    },
    "extendable-media-recorder-wav-encoder-broker": {
      "version": "7.0.106",
      "resolved": "https://registry.npmjs.org/extendable-media-recorder-wav-encoder-broker/-/extendable-media-recorder-wav-encoder-broker-7.0.106.tgz",
      "integrity": "sha512-kLtXD3rebhBc/IW8IBnr0SzCBFnZWk8dWqEsPt10+PC6BlYGJ1wKvEP5/q3MW6YDBBGMmN+VYb/qOLqeOhxsIQ==",
      "requires": {
        "@babel/runtime": "^7.25.6",
        "broker-factory": "^3.0.102",
        "extendable-media-recorder-wav-encoder-worker": "^8.0.103",
        "tslib": "^2.7.0"
      }
    },
    "extendable-media-recorder-wav-encoder-worker": {
      "version": "8.0.103",
      "resolved": "https://registry.npmjs.org/extendable-media-recorder-wav-encoder-worker/-/extendable-media-recorder-wav-encoder-worker-8.0.103.tgz",
      "integrity": "sha512-p2+yUArjGQCIbqaDtDDDeC/IGDeUsRYC2twRjp/0pA3mEuXX6jVVAhm6RFSeKtxkCwjkWWJFnO1Oe0eGKt6rnA==",
      "requires": {
        "@babel/runtime": "^7.25.6",
        "tslib": "^2.7.0",
        "worker-factory": "^7.0.29"
      }
    },
    "fast-unique-numbers": {
      "version": "9.0.9",
      "resolved": "https://registry.npmjs.org/fast-unique-numbers/-/fast-unique-numbers-9.0.9.tgz",
      "integrity": "sha512-XVGu/UFAjpclSMX6LD/GGiyRu+weUFb8kUxP09yiDmWA1ORxiO5gpOl13ZBqjeb+gg05JA2H7d37UvbSHfW+7w==",
      "requires": {
        "@babel/runtime": "^7.25.6",
        "tslib": "^2.7.0"
      }
    },
    "indefinite-article": {
      "version": "0.0.2",
      "resolved": "https://registry.npmjs.org/indefinite-article/-/indefinite-article-0.0.2.tgz",
      "integrity": "sha512-Au/2XzRkvxq2J6w5uvSSbBKPZ5kzINx5F2wb0SF8xpRL8BP9Lav81TnRbfPp6p+SYjYxwaaLn4EUwI3/MmYKSw=="
    },
    "jsmin": {
      "version": "1.0.1",
      "resolved": "https://registry.npmjs.org/jsmin/-/jsmin-1.0.1.tgz",
      "integrity": "sha1-570NzWSWw79IYyNb9GGj2YqjuYw=",
      "dev": true
    },
    "media-encoder-host": {
      "version": "8.1.0",
      "resolved": "https://registry.npmjs.org/media-encoder-host/-/media-encoder-host-8.1.0.tgz",
      "integrity": "sha512-VwX3ex48ltl+K1ObGEq3IcZp/XqpNTWemd9brC9ovo89rYmCRKTZAp1FCyfAY86RdvSMrUs26lbo45DIDVyERg==",
      "requires": {
        "@babel/runtime": "^7.24.4",
        "media-encoder-host-broker": "^7.1.0",
        "media-encoder-host-worker": "^9.2.0",
        "tslib": "^2.6.2"
      }
    },
    "media-encoder-host-broker": {
      "version": "7.1.0",
      "resolved": "https://registry.npmjs.org/media-encoder-host-broker/-/media-encoder-host-broker-7.1.0.tgz",
      "integrity": "sha512-Emu3f45Wbf6AoRJxfvZ8e5nh8fRVviBfkABgYNvVUsVBgJ7+l137gn324g/JmNVQhhVQ89fjmGT1kHIJ9JG5Nw==",
      "requires": {
        "@babel/runtime": "^7.24.4",
        "broker-factory": "^3.0.97",
        "fast-unique-numbers": "^9.0.4",
        "media-encoder-host-worker": "^9.2.0",
        "tslib": "^2.6.2"
      }
    },
    "media-encoder-host-worker": {
      "version": "9.2.0",
      "resolved": "https://registry.npmjs.org/media-encoder-host-worker/-/media-encoder-host-worker-9.2.0.tgz",
      "integrity": "sha512-LrJJgNBDZH2y1PYBLaiYQw9uFU5i3yPvDkDxdko+L3Z4qzhKq9+4eYxKDqlwO4EdOlaiggvMpkgZl3roOniz2A==",
      "requires": {
        "@babel/runtime": "^7.24.4",
        "extendable-media-recorder-wav-encoder-broker": "^7.0.100",
        "tslib": "^2.6.2",
        "worker-factory": "^7.0.24"
      }
    },
    "multi-buffer-data-view": {
      "version": "3.0.24",
      "resolved": "https://registry.npmjs.org/multi-buffer-data-view/-/multi-buffer-data-view-3.0.24.tgz",
      "integrity": "sha512-jm7Ycplx37ExXyQmqhwl7zfQmAj81y5LLzVx0XyWea4omP9W/xJhLEHs/5b+WojGyYSRt8BHiXZVcYzu68Ma0Q==",
      "requires": {
        "@babel/runtime": "^7.20.6",
        "tslib": "^2.4.1"
      }
    },
    "recorder-audio-worklet": {
      "version": "5.1.39",
      "resolved": "https://registry.npmjs.org/recorder-audio-worklet/-/recorder-audio-worklet-5.1.39.tgz",
      "integrity": "sha512-w/RazoBwZnkFnEPRsJYNThOHznLQC98/IzWRrutpJQVvCcL0nbLsVSLDaRrnrqVpRUI11VgiXRh30HaHiSdVhQ==",
      "requires": {
        "@babel/runtime": "^7.21.0",
        "broker-factory": "^3.0.75",
        "fast-unique-numbers": "^7.0.2",
        "recorder-audio-worklet-processor": "^4.2.21",
        "standardized-audio-context": "^25.3.41",
        "subscribable-things": "^2.1.14",
        "tslib": "^2.5.0",
        "worker-factory": "^6.0.76"
      },
      "dependencies": {
        "fast-unique-numbers": {
          "version": "7.0.2",
          "resolved": "https://registry.npmjs.org/fast-unique-numbers/-/fast-unique-numbers-7.0.2.tgz",
          "integrity": "sha512-xnqpsnu889bHbq5cbDMwCJ2BPf6kjFPMu+RHfqKvisRxeEbTOVxY5aW/ZNsZ/r8OlwatxmjdFEVQog2xAhLkvg==",
          "requires": {
            "@babel/runtime": "^7.21.0",
            "tslib": "^2.5.0"
          }
        },
        "worker-factory": {
          "version": "6.0.76",
          "resolved": "https://registry.npmjs.org/worker-factory/-/worker-factory-6.0.76.tgz",
          "integrity": "sha512-W1iBNPmE9p0asU4aFmYJYCnMxhkvk4qlKc660GlHxWgmflY64NxxTbmKqipu4K5p9LiKKPjqXfcQme6153BZEQ==",
          "requires": {
            "@babel/runtime": "^7.21.0",
            "compilerr": "^10.0.2",
            "fast-unique-numbers": "^7.0.2",
            "tslib": "^2.5.0"
          }
        }
      }
    },
    "recorder-audio-worklet-processor": {
      "version": "4.2.21",
      "resolved": "https://registry.npmjs.org/recorder-audio-worklet-processor/-/recorder-audio-worklet-processor-4.2.21.tgz",
      "integrity": "sha512-oiiS2sp6eMxkvjt13yetSYUJvnAxBZk60mIxz0Vf/2lDWa/4svCyMLHIDzYKbHahkISd0UYyqLS9dI7xDlUOCA==",
      "requires": {
        "@babel/runtime": "^7.21.0",
        "tslib": "^2.5.0"
      }
    },
    "regenerator-runtime": {
      "version": "0.14.1",
      "resolved": "https://registry.npmjs.org/regenerator-runtime/-/regenerator-runtime-0.14.1.tgz",
      "integrity": "sha512-dYnhHh0nJoMfnkZs6GmmhFknAGRrLznOu5nc9ML+EJxGvrx6H7teuevqVqCuPcPK//3eDrrjQhehXVx9cnkGdw=="
    },
    "rxjs-interop": {
      "version": "2.0.0",
      "resolved": "https://registry.npmjs.org/rxjs-interop/-/rxjs-interop-2.0.0.tgz",
      "integrity": "sha512-ASEq9atUw7lualXB+knvgtvwkCEvGWV2gDD/8qnASzBkzEARZck9JAyxmY8OS6Nc1pCPEgDTKNcx+YqqYfzArw=="
    },
    "standardized-audio-context": {
      "version": "25.3.77",
      "resolved": "https://registry.npmjs.org/standardized-audio-context/-/standardized-audio-context-25.3.77.tgz",
      "integrity": "sha512-Ki9zNz6pKcC5Pi+QPjPyVsD9GwJIJWgryji0XL9cAJXMGyn+dPOf6Qik1AHei0+UNVcc4BOCa0hWLBzlwqsW/A==",
      "requires": {
        "@babel/runtime": "^7.25.6",
        "automation-events": "^7.0.9",
        "tslib": "^2.7.0"
      }
    },
    "subscribable-things": {
      "version": "2.1.40",
      "resolved": "https://registry.npmjs.org/subscribable-things/-/subscribable-things-2.1.40.tgz",
      "integrity": "sha512-nWw3aCsTsF4b1HY3vU2iweWGleLpM7hjJsmR1SFabVLcxizWo+zHDVYG/P3nEcdOkYgjCMC4vIaX7vFOrT7RGw==",
      "requires": {
        "@babel/runtime": "^7.25.6",
        "rxjs-interop": "^2.0.0",
        "tslib": "^2.7.0"
      }
    },
    "tslib": {
      "version": "2.7.0",
      "resolved": "https://registry.npmjs.org/tslib/-/tslib-2.7.0.tgz",
      "integrity": "sha512-gLXCKdN1/j47AiHiOkJN69hJmcbGTHI0ImLmbYLHykhgeN0jVGola9yVjFgzCUklsZQMW55o+dW7IXv3RCXDzA=="
    },
    "typescript": {
      "version": "4.4.3",
      "resolved": "https://registry.npmjs.org/typescript/-/typescript-4.4.3.tgz",
      "integrity": "sha512-4xfscpisVgqqDfPaJo5vkd+Qd/ItkoagnHpufr+i2QCHBsNYp+G7UAoyFl8aPtx879u38wPV65rZ8qbGZijalA==",
      "dev": true
    },
    "worker-factory": {
      "version": "7.0.29",
      "resolved": "https://registry.npmjs.org/worker-factory/-/worker-factory-7.0.29.tgz",
      "integrity": "sha512-Nuv/6/Nr70aeBKtiukggJp+o+ewGvgqfjdlJjzlrSi7faPh+5kJ3hFyP3Px5/oEeTUt2ZZ/hgYg1jJFRXi4hAw==",
      "requires": {
        "@babel/runtime": "^7.25.6",
        "fast-unique-numbers": "^9.0.9",
        "tslib": "^2.7.0"
      }
    }
  }
}
