{
  "name": "react-media-recorder",
  "version": "1.6.7",
  "lockfileVersion": 2,
  "requires": true,
  "packages": {
    "": {
      "name": "react-media-recorder",
      "version": "1.6.7",
      "license": "MIT",
      "dependencies": {
        "extendable-media-recorder": "^7.1.9",
        "extendable-media-recorder-wav-encoder": "^7.0.85"
      },
      "devDependencies": {
        "@types/react": "^18.0.28",
        "jsmin": "^1.0.1",
        "typescript": "^5.0.2"
      }
    },
    "node_modules/@babel/runtime": {
      "version": "7.21.0",
      "resolved": "https://registry.npmjs.org/@babel/runtime/-/runtime-7.21.0.tgz",
      "integrity": "sha512-xwII0//EObnq89Ji5AKYQaRYiW/nZ3llSv29d49IuxPhKbtJoLP+9QUUZ4nVragQVtaVGeZrpB+ZtG/Pdy/POw==",
      "dependencies": {
        "regenerator-runtime": "^0.13.11"
      },
      "engines": {
        "node": ">=6.9.0"
      }
    },
    "node_modules/@types/prop-types": {
      "version": "15.7.4",
      "resolved": "https://registry.npmjs.org/@types/prop-types/-/prop-types-15.7.4.tgz",
      "integrity": "sha512-rZ5drC/jWjrArrS8BR6SIr4cWpW09RNTYt9AMZo3Jwwif+iacXAqgVjm0B0Bv/S1jhDXKHqRVNCbACkJ89RAnQ==",
      "dev": true
    },
    "node_modules/@types/react": {
      "version": "18.0.34",
      "resolved": "https://registry.npmjs.org/@types/react/-/react-18.0.34.tgz",
      "integrity": "sha512-NO1UO8941541CJl1BeOXi8a9dNKFK09Gnru5ZJqkm4Q3/WoQJtHvmwt0VX0SB9YCEwe7TfSSxDuaNmx6H2BAIQ==",
      "dev": true,
      "dependencies": {
        "@types/prop-types": "*",
        "@types/scheduler": "*",
        "csstype": "^3.0.2"
      }
    },
    "node_modules/@types/scheduler": {
      "version": "0.16.2",
      "resolved": "https://registry.npmjs.org/@types/scheduler/-/scheduler-0.16.2.tgz",
      "integrity": "sha512-hppQEBDmlwhFAXKJX2KnWLYu5yMfi91yazPb2l+lbJiwW+wdo1gNeRA+3RgNSO39WYX2euey41KEwnqesU2Jew==",
      "dev": true
    },
    "node_modules/automation-events": {
      "version": "5.0.2",
      "resolved": "https://registry.npmjs.org/automation-events/-/automation-events-5.0.2.tgz",
      "integrity": "sha512-8mfgjeI22tlKeaGY8y0bDt93IIUJhQKR/ISTsnhhFkpAzCirPdQ/Rmfp3xakCTmIihLgDuIWcWygHWozYKVGyQ==",
      "dependencies": {
        "@babel/runtime": "^7.21.0",
        "tslib": "^2.5.0"
      },
      "engines": {
        "node": ">=14.15.4"
      }
    },
    "node_modules/broker-factory": {
      "version": "3.0.75",
      "resolved": "https://registry.npmjs.org/broker-factory/-/broker-factory-3.0.75.tgz",
      "integrity": "sha512-VMC2GBMaoKXdVPC0yH/Z1NbDieYRuKlGPT6PbrrReDwvHSZH2Cl5dJVO3tPTkA9Q+xXOmnRYgcjNktZD/Oz21w==",
      "dependencies": {
        "@babel/runtime": "^7.21.0",
        "fast-unique-numbers": "^7.0.2",
        "tslib": "^2.5.0",
        "worker-factory": "^6.0.76"
      }
    },
    "node_modules/compilerr": {
      "version": "10.0.2",
      "resolved": "https://registry.npmjs.org/compilerr/-/compilerr-10.0.2.tgz",
      "integrity": "sha512-CFwUXxJ9OuWsSvnLSbefxi+GLsZ0YnuJh40ry5QdmZ1FWK59OG+QB8XSj6t7Kq+/c5DSS7en+cML6GlzHKH58A==",
      "dependencies": {
        "@babel/runtime": "^7.21.0",
        "dashify": "^2.0.0",
        "indefinite-article": "0.0.2",
        "tslib": "^2.5.0"
      },
      "engines": {
        "node": ">=14.15.4"
      }
    },
    "node_modules/csstype": {
      "version": "3.0.9",
      "resolved": "https://registry.npmjs.org/csstype/-/csstype-3.0.9.tgz",
      "integrity": "sha512-rpw6JPxK6Rfg1zLOYCSwle2GFOOsnjmDYDaBwEcwoOg4qlsIVCN789VkBZDJAGi4T07gI4YSutR43t9Zz4Lzuw==",
      "dev": true
    },
    "node_modules/dashify": {
      "version": "2.0.0",
      "resolved": "https://registry.npmjs.org/dashify/-/dashify-2.0.0.tgz",
      "integrity": "sha512-hpA5C/YrPjucXypHPPc0oJ1l9Hf6wWbiOL7Ik42cxnsUOhWiCB/fylKbKqqJalW9FgkNQCw16YO8uW9Hs0Iy1A==",
      "engines": {
        "node": ">=4"
      }
    },
    "node_modules/extendable-media-recorder": {
      "version": "7.1.10",
      "resolved": "https://registry.npmjs.org/extendable-media-recorder/-/extendable-media-recorder-7.1.10.tgz",
      "integrity": "sha512-iE6REHp0idf7Zm2W1bW2gNcVQwkhAXVTNpexkUvI4fA3ROYF9FnGt2JmsLI1VG8TOQTevMHIn/dAGrtcJPrhnw==",
      "dependencies": {
        "@babel/runtime": "^7.21.0",
        "media-encoder-host": "^8.0.88",
        "multi-buffer-data-view": "^4.0.2",
        "recorder-audio-worklet": "^6.0.0",
        "standardized-audio-context": "^25.3.41",
        "subscribable-things": "^2.1.14",
        "tslib": "^2.5.0"
      }
    },
    "node_modules/extendable-media-recorder-wav-encoder": {
      "version": "7.0.85",
      "resolved": "https://registry.npmjs.org/extendable-media-recorder-wav-encoder/-/extendable-media-recorder-wav-encoder-7.0.85.tgz",
      "integrity": "sha512-M96Y6twJ/OBordRltfyf8Kl2P2C0e176ogVTpGYquHApEyRnGpnm6LMmNqiRkQC8me0WOOhKLVvKCGmEF3lmvQ==",
      "dependencies": {
        "@babel/runtime": "^7.21.0",
        "extendable-media-recorder-wav-encoder-broker": "^7.0.77",
        "extendable-media-recorder-wav-encoder-worker": "^8.0.76",
        "tslib": "^2.5.0"
      }
    },
    "node_modules/extendable-media-recorder-wav-encoder-broker": {
      "version": "7.0.77",
      "resolved": "https://registry.npmjs.org/extendable-media-recorder-wav-encoder-broker/-/extendable-media-recorder-wav-encoder-broker-7.0.77.tgz",
      "integrity": "sha512-HNUcsUMtKw8hUx1pHM/78+joa3L7FpCh+R3jX9RRuSrHMUw/ldq29wi/evBs4lMoasyMZLHD3yI1Phz0hYH7pg==",
      "dependencies": {
        "@babel/runtime": "^7.21.0",
        "broker-factory": "^3.0.75",
        "extendable-media-recorder-wav-encoder-worker": "^8.0.76",
        "tslib": "^2.5.0"
      }
    },
    "node_modules/extendable-media-recorder-wav-encoder-worker": {
      "version": "8.0.76",
      "resolved": "https://registry.npmjs.org/extendable-media-recorder-wav-encoder-worker/-/extendable-media-recorder-wav-encoder-worker-8.0.76.tgz",
      "integrity": "sha512-m/pafu/XodKM05r3wkdY6D+gvprD6VCe1rLKnmF/Ooj4VGQ3DglsOhxWmEXRHVtzFWHIxIpjq6Z14VYaj1sXUg==",
      "dependencies": {
        "@babel/runtime": "^7.21.0",
        "tslib": "^2.5.0",
        "worker-factory": "^6.0.76"
      }
    },
    "node_modules/fast-unique-numbers": {
      "version": "7.0.2",
      "resolved": "https://registry.npmjs.org/fast-unique-numbers/-/fast-unique-numbers-7.0.2.tgz",
      "integrity": "sha512-xnqpsnu889bHbq5cbDMwCJ2BPf6kjFPMu+RHfqKvisRxeEbTOVxY5aW/ZNsZ/r8OlwatxmjdFEVQog2xAhLkvg==",
      "dependencies": {
        "@babel/runtime": "^7.21.0",
        "tslib": "^2.5.0"
      },
      "engines": {
        "node": ">=14.15.4"
      }
    },
    "node_modules/indefinite-article": {
      "version": "0.0.2",
      "resolved": "https://registry.npmjs.org/indefinite-article/-/indefinite-article-0.0.2.tgz",
      "integrity": "sha512-Au/2XzRkvxq2J6w5uvSSbBKPZ5kzINx5F2wb0SF8xpRL8BP9Lav81TnRbfPp6p+SYjYxwaaLn4EUwI3/MmYKSw=="
    },
    "node_modules/jsmin": {
      "version": "1.0.1",
      "resolved": "https://registry.npmjs.org/jsmin/-/jsmin-1.0.1.tgz",
      "integrity": "sha1-570NzWSWw79IYyNb9GGj2YqjuYw=",
      "dev": true,
      "bin": {
        "jsmin": "bin/jsmin"
      },
      "engines": {
        "node": ">=0.1.93"
      }
    },
    "node_modules/media-encoder-host": {
      "version": "8.0.88",
      "resolved": "https://registry.npmjs.org/media-encoder-host/-/media-encoder-host-8.0.88.tgz",
      "integrity": "sha512-15pWY8GFLsm3w01JuSQdEIkCh1+KUKqNQg5F6s5SXhAwbj0DuTceFbyuqWFMq+XzV8zZrPt8LtYAAj5ld5IEOw==",
      "dependencies": {
        "@babel/runtime": "^7.21.0",
        "media-encoder-host-broker": "^7.0.78",
        "media-encoder-host-worker": "^9.1.0",
        "tslib": "^2.5.0"
      }
    },
    "node_modules/media-encoder-host-broker": {
      "version": "7.0.78",
      "resolved": "https://registry.npmjs.org/media-encoder-host-broker/-/media-encoder-host-broker-7.0.78.tgz",
      "integrity": "sha512-5IZEZwN4qyCymkP6FCELS6rRCE2xhNFiE3FWr+8R3ySRn1iwPWd/U/YFB4PdvjqFw3MtQ9rHFErfc/YjUf8j9g==",
      "dependencies": {
        "@babel/runtime": "^7.21.0",
        "broker-factory": "^3.0.75",
        "fast-unique-numbers": "^7.0.2",
        "media-encoder-host-worker": "^9.1.0",
        "tslib": "^2.5.0"
      }
    },
    "node_modules/media-encoder-host-worker": {
      "version": "9.1.0",
      "resolved": "https://registry.npmjs.org/media-encoder-host-worker/-/media-encoder-host-worker-9.1.0.tgz",
      "integrity": "sha512-dVvb65RH/5Yt5PBxBVGw+BcCFkq8A15/fw3HxEKugtaFJocTcwQsS1IeDUuf1i831Fk/FuCipnXFz8VsGRCZyg==",
      "dependencies": {
        "@babel/runtime": "^7.21.0",
        "extendable-media-recorder-wav-encoder-broker": "^7.0.77",
        "tslib": "^2.5.0",
        "worker-factory": "^6.0.76"
      }
    },
    "node_modules/multi-buffer-data-view": {
      "version": "4.0.2",
      "resolved": "https://registry.npmjs.org/multi-buffer-data-view/-/multi-buffer-data-view-4.0.2.tgz",
      "integrity": "sha512-vVpWjB7sujx3TBa4TkpSyKav1DDbvjyHwL8hyzZxROF/OKi3pRzRTVnyMZR2knjomMU3CxQQOs/MEUckUmFhUg==",
      "dependencies": {
        "@babel/runtime": "^7.21.0",
        "tslib": "^2.5.0"
      },
      "engines": {
        "node": ">=14.15.4"
      }
    },
    "node_modules/recorder-audio-worklet": {
      "version": "6.0.0",
      "resolved": "https://registry.npmjs.org/recorder-audio-worklet/-/recorder-audio-worklet-6.0.0.tgz",
      "integrity": "sha512-1Xb2jRjodFwt1H/rxPRZm/nB6L3uoMZf7TpSmoigLOM5KiGN3vBRkrF8FQFSM4tSTEe2HpKQHLLfwlUgc0MKIQ==",
      "dependencies": {
        "@babel/runtime": "^7.21.0",
        "broker-factory": "^3.0.75",
        "fast-unique-numbers": "^7.0.2",
        "recorder-audio-worklet-processor": "^5.0.0",
        "standardized-audio-context": "^25.3.41",
        "subscribable-things": "^2.1.14",
        "tslib": "^2.5.0",
        "worker-factory": "^6.0.76"
      }
    },
    "node_modules/recorder-audio-worklet-processor": {
      "version": "5.0.0",
      "resolved": "https://registry.npmjs.org/recorder-audio-worklet-processor/-/recorder-audio-worklet-processor-5.0.0.tgz",
      "integrity": "sha512-TFF2OuasWBys7Xnoss7pYDS8sC00ZXpk5XHopivTWtp4J/l70sJgb8N2a5rikcaxXYYtolGqUaKwuTQwkgy90g==",
      "dependencies": {
        "@babel/runtime": "^7.21.0",
        "tslib": "^2.5.0"
      }
    },
    "node_modules/regenerator-runtime": {
      "version": "0.13.11",
      "resolved": "https://registry.npmjs.org/regenerator-runtime/-/regenerator-runtime-0.13.11.tgz",
      "integrity": "sha512-kY1AZVr2Ra+t+piVaJ4gxaFaReZVH40AKNo7UCX6W+dEwBo/2oZJzqfuN1qLq1oL45o56cPaTXELwrTh8Fpggg=="
    },
    "node_modules/rxjs-interop": {
      "version": "2.0.0",
      "resolved": "https://registry.npmjs.org/rxjs-interop/-/rxjs-interop-2.0.0.tgz",
      "integrity": "sha512-ASEq9atUw7lualXB+knvgtvwkCEvGWV2gDD/8qnASzBkzEARZck9JAyxmY8OS6Nc1pCPEgDTKNcx+YqqYfzArw=="
    },
    "node_modules/standardized-audio-context": {
      "version": "25.3.41",
      "resolved": "https://registry.npmjs.org/standardized-audio-context/-/standardized-audio-context-25.3.41.tgz",
      "integrity": "sha512-NCKY1kLCGN37dnCCIG4NX1LHWRgONvIU6u6GS3nzhMM9CV/M+GR48uIeojjeJBSICfWXfQ+t2N1MTdsgJz3wlA==",
      "dependencies": {
        "@babel/runtime": "^7.21.0",
        "automation-events": "^5.0.2",
        "tslib": "^2.5.0"
      }
    },
    "node_modules/subscribable-things": {
      "version": "2.1.14",
      "resolved": "https://registry.npmjs.org/subscribable-things/-/subscribable-things-2.1.14.tgz",
      "integrity": "sha512-+0e6wGpFVa7snrwzY/xwiiQhlpBglvPAhsYK9EhFAcboP5z0eN1W3CQoROYyeY3psiCbwcleb9vaXasKAcvISw==",
      "dependencies": {
        "@babel/runtime": "^7.21.0",
        "rxjs-interop": "^2.0.0",
        "tslib": "^2.5.0"
      }
    },
    "node_modules/tslib": {
      "version": "2.5.0",
      "resolved": "https://registry.npmjs.org/tslib/-/tslib-2.5.0.tgz",
      "integrity": "sha512-336iVw3rtn2BUK7ORdIAHTyxHGRIHVReokCR3XjbckJMK7ms8FysBfhLR8IXnAgy7T0PTPNBWKiH514FOW/WSg=="
    },
    "node_modules/typescript": {
      "version": "5.0.4",
      "resolved": "https://registry.npmjs.org/typescript/-/typescript-5.0.4.tgz",
      "integrity": "sha512-cW9T5W9xY37cc+jfEnaUvX91foxtHkza3Nw3wkoF4sSlKn0MONdkdEndig/qPBWXNkmplh3NzayQzCiHM4/hqw==",
      "dev": true,
      "bin": {
        "tsc": "bin/tsc",
        "tsserver": "bin/tsserver"
      },
      "engines": {
        "node": ">=12.20"
      }
    },
    "node_modules/worker-factory": {
      "version": "6.0.76",
      "resolved": "https://registry.npmjs.org/worker-factory/-/worker-factory-6.0.76.tgz",
      "integrity": "sha512-W1iBNPmE9p0asU4aFmYJYCnMxhkvk4qlKc660GlHxWgmflY64NxxTbmKqipu4K5p9LiKKPjqXfcQme6153BZEQ==",
      "dependencies": {
        "@babel/runtime": "^7.21.0",
        "compilerr": "^10.0.2",
        "fast-unique-numbers": "^7.0.2",
        "tslib": "^2.5.0"
      }
    }
  },
  "dependencies": {
    "@babel/runtime": {
      "version": "7.21.0",
      "resolved": "https://registry.npmjs.org/@babel/runtime/-/runtime-7.21.0.tgz",
      "integrity": "sha512-xwII0//EObnq89Ji5AKYQaRYiW/nZ3llSv29d49IuxPhKbtJoLP+9QUUZ4nVragQVtaVGeZrpB+ZtG/Pdy/POw==",
      "requires": {
        "regenerator-runtime": "^0.13.11"
      }
    },
    "@types/prop-types": {
      "version": "15.7.4",
      "resolved": "https://registry.npmjs.org/@types/prop-types/-/prop-types-15.7.4.tgz",
      "integrity": "sha512-rZ5drC/jWjrArrS8BR6SIr4cWpW09RNTYt9AMZo3Jwwif+iacXAqgVjm0B0Bv/S1jhDXKHqRVNCbACkJ89RAnQ==",
      "dev": true
    },
    "@types/react": {
      "version": "18.0.34",
      "resolved": "https://registry.npmjs.org/@types/react/-/react-18.0.34.tgz",
      "integrity": "sha512-NO1UO8941541CJl1BeOXi8a9dNKFK09Gnru5ZJqkm4Q3/WoQJtHvmwt0VX0SB9YCEwe7TfSSxDuaNmx6H2BAIQ==",
      "dev": true,
      "requires": {
        "@types/prop-types": "*",
        "@types/scheduler": "*",
        "csstype": "^3.0.2"
      }
    },
    "@types/scheduler": {
      "version": "0.16.2",
      "resolved": "https://registry.npmjs.org/@types/scheduler/-/scheduler-0.16.2.tgz",
      "integrity": "sha512-hppQEBDmlwhFAXKJX2KnWLYu5yMfi91yazPb2l+lbJiwW+wdo1gNeRA+3RgNSO39WYX2euey41KEwnqesU2Jew==",
      "dev": true
    },
    "automation-events": {
      "version": "5.0.2",
      "resolved": "https://registry.npmjs.org/automation-events/-/automation-events-5.0.2.tgz",
      "integrity": "sha512-8mfgjeI22tlKeaGY8y0bDt93IIUJhQKR/ISTsnhhFkpAzCirPdQ/Rmfp3xakCTmIihLgDuIWcWygHWozYKVGyQ==",
      "requires": {
        "@babel/runtime": "^7.21.0",
        "tslib": "^2.5.0"
      }
    },
    "broker-factory": {
      "version": "3.0.75",
      "resolved": "https://registry.npmjs.org/broker-factory/-/broker-factory-3.0.75.tgz",
      "integrity": "sha512-VMC2GBMaoKXdVPC0yH/Z1NbDieYRuKlGPT6PbrrReDwvHSZH2Cl5dJVO3tPTkA9Q+xXOmnRYgcjNktZD/Oz21w==",
      "requires": {
        "@babel/runtime": "^7.21.0",
        "fast-unique-numbers": "^7.0.2",
        "tslib": "^2.5.0",
        "worker-factory": "^6.0.76"
      }
    },
    "compilerr": {
      "version": "10.0.2",
      "resolved": "https://registry.npmjs.org/compilerr/-/compilerr-10.0.2.tgz",
      "integrity": "sha512-CFwUXxJ9OuWsSvnLSbefxi+GLsZ0YnuJh40ry5QdmZ1FWK59OG+QB8XSj6t7Kq+/c5DSS7en+cML6GlzHKH58A==",
      "requires": {
        "@babel/runtime": "^7.21.0",
        "dashify": "^2.0.0",
        "indefinite-article": "0.0.2",
        "tslib": "^2.5.0"
      }
    },
    "csstype": {
      "version": "3.0.9",
      "resolved": "https://registry.npmjs.org/csstype/-/csstype-3.0.9.tgz",
      "integrity": "sha512-rpw6JPxK6Rfg1zLOYCSwle2GFOOsnjmDYDaBwEcwoOg4qlsIVCN789VkBZDJAGi4T07gI4YSutR43t9Zz4Lzuw==",
      "dev": true
    },
    "dashify": {
      "version": "2.0.0",
      "resolved": "https://registry.npmjs.org/dashify/-/dashify-2.0.0.tgz",
      "integrity": "sha512-hpA5C/YrPjucXypHPPc0oJ1l9Hf6wWbiOL7Ik42cxnsUOhWiCB/fylKbKqqJalW9FgkNQCw16YO8uW9Hs0Iy1A=="
    },
    "extendable-media-recorder": {
      "version": "7.1.10",
      "resolved": "https://registry.npmjs.org/extendable-media-recorder/-/extendable-media-recorder-7.1.10.tgz",
      "integrity": "sha512-iE6REHp0idf7Zm2W1bW2gNcVQwkhAXVTNpexkUvI4fA3ROYF9FnGt2JmsLI1VG8TOQTevMHIn/dAGrtcJPrhnw==",
      "requires": {
        "@babel/runtime": "^7.21.0",
        "media-encoder-host": "^8.0.88",
        "multi-buffer-data-view": "^4.0.2",
        "recorder-audio-worklet": "^6.0.0",
        "standardized-audio-context": "^25.3.41",
        "subscribable-things": "^2.1.14",
        "tslib": "^2.5.0"
      }
    },
    "extendable-media-recorder-wav-encoder": {
      "version": "7.0.85",
      "resolved": "https://registry.npmjs.org/extendable-media-recorder-wav-encoder/-/extendable-media-recorder-wav-encoder-7.0.85.tgz",
      "integrity": "sha512-M96Y6twJ/OBordRltfyf8Kl2P2C0e176ogVTpGYquHApEyRnGpnm6LMmNqiRkQC8me0WOOhKLVvKCGmEF3lmvQ==",
      "requires": {
        "@babel/runtime": "^7.21.0",
        "extendable-media-recorder-wav-encoder-broker": "^7.0.77",
        "extendable-media-recorder-wav-encoder-worker": "^8.0.76",
        "tslib": "^2.5.0"
      }
    },
    "extendable-media-recorder-wav-encoder-broker": {
      "version": "7.0.77",
      "resolved": "https://registry.npmjs.org/extendable-media-recorder-wav-encoder-broker/-/extendable-media-recorder-wav-encoder-broker-7.0.77.tgz",
      "integrity": "sha512-HNUcsUMtKw8hUx1pHM/78+joa3L7FpCh+R3jX9RRuSrHMUw/ldq29wi/evBs4lMoasyMZLHD3yI1Phz0hYH7pg==",
      "requires": {
        "@babel/runtime": "^7.21.0",
        "broker-factory": "^3.0.75",
        "extendable-media-recorder-wav-encoder-worker": "^8.0.76",
        "tslib": "^2.5.0"
      }
    },
    "extendable-media-recorder-wav-encoder-worker": {
      "version": "8.0.76",
      "resolved": "https://registry.npmjs.org/extendable-media-recorder-wav-encoder-worker/-/extendable-media-recorder-wav-encoder-worker-8.0.76.tgz",
      "integrity": "sha512-m/pafu/XodKM05r3wkdY6D+gvprD6VCe1rLKnmF/Ooj4VGQ3DglsOhxWmEXRHVtzFWHIxIpjq6Z14VYaj1sXUg==",
      "requires": {
        "@babel/runtime": "^7.21.0",
        "tslib": "^2.5.0",
        "worker-factory": "^6.0.76"
      }
    },
    "fast-unique-numbers": {
      "version": "7.0.2",
      "resolved": "https://registry.npmjs.org/fast-unique-numbers/-/fast-unique-numbers-7.0.2.tgz",
      "integrity": "sha512-xnqpsnu889bHbq5cbDMwCJ2BPf6kjFPMu+RHfqKvisRxeEbTOVxY5aW/ZNsZ/r8OlwatxmjdFEVQog2xAhLkvg==",
      "requires": {
        "@babel/runtime": "^7.21.0",
        "tslib": "^2.5.0"
      }
    },
    "indefinite-article": {
      "version": "0.0.2",
      "resolved": "https://registry.npmjs.org/indefinite-article/-/indefinite-article-0.0.2.tgz",
      "integrity": "sha512-Au/2XzRkvxq2J6w5uvSSbBKPZ5kzINx5F2wb0SF8xpRL8BP9Lav81TnRbfPp6p+SYjYxwaaLn4EUwI3/MmYKSw=="
    },
    "jsmin": {
      "version": "1.0.1",
      "resolved": "https://registry.npmjs.org/jsmin/-/jsmin-1.0.1.tgz",
      "integrity": "sha1-570NzWSWw79IYyNb9GGj2YqjuYw=",
      "dev": true
    },
    "media-encoder-host": {
      "version": "8.0.88",
      "resolved": "https://registry.npmjs.org/media-encoder-host/-/media-encoder-host-8.0.88.tgz",
      "integrity": "sha512-15pWY8GFLsm3w01JuSQdEIkCh1+KUKqNQg5F6s5SXhAwbj0DuTceFbyuqWFMq+XzV8zZrPt8LtYAAj5ld5IEOw==",
      "requires": {
        "@babel/runtime": "^7.21.0",
        "media-encoder-host-broker": "^7.0.78",
        "media-encoder-host-worker": "^9.1.0",
        "tslib": "^2.5.0"
      }
    },
    "media-encoder-host-broker": {
      "version": "7.0.78",
      "resolved": "https://registry.npmjs.org/media-encoder-host-broker/-/media-encoder-host-broker-7.0.78.tgz",
      "integrity": "sha512-5IZEZwN4qyCymkP6FCELS6rRCE2xhNFiE3FWr+8R3ySRn1iwPWd/U/YFB4PdvjqFw3MtQ9rHFErfc/YjUf8j9g==",
      "requires": {
        "@babel/runtime": "^7.21.0",
        "broker-factory": "^3.0.75",
        "fast-unique-numbers": "^7.0.2",
        "media-encoder-host-worker": "^9.1.0",
        "tslib": "^2.5.0"
      }
    },
    "media-encoder-host-worker": {
      "version": "9.1.0",
      "resolved": "https://registry.npmjs.org/media-encoder-host-worker/-/media-encoder-host-worker-9.1.0.tgz",
      "integrity": "sha512-dVvb65RH/5Yt5PBxBVGw+BcCFkq8A15/fw3HxEKugtaFJocTcwQsS1IeDUuf1i831Fk/FuCipnXFz8VsGRCZyg==",
      "requires": {
        "@babel/runtime": "^7.21.0",
        "extendable-media-recorder-wav-encoder-broker": "^7.0.77",
        "tslib": "^2.5.0",
        "worker-factory": "^6.0.76"
      }
    },
    "multi-buffer-data-view": {
      "version": "4.0.2",
      "resolved": "https://registry.npmjs.org/multi-buffer-data-view/-/multi-buffer-data-view-4.0.2.tgz",
      "integrity": "sha512-vVpWjB7sujx3TBa4TkpSyKav1DDbvjyHwL8hyzZxROF/OKi3pRzRTVnyMZR2knjomMU3CxQQOs/MEUckUmFhUg==",
      "requires": {
        "@babel/runtime": "^7.21.0",
        "tslib": "^2.5.0"
      }
    },
    "recorder-audio-worklet": {
      "version": "6.0.0",
      "resolved": "https://registry.npmjs.org/recorder-audio-worklet/-/recorder-audio-worklet-6.0.0.tgz",
      "integrity": "sha512-1Xb2jRjodFwt1H/rxPRZm/nB6L3uoMZf7TpSmoigLOM5KiGN3vBRkrF8FQFSM4tSTEe2HpKQHLLfwlUgc0MKIQ==",
      "requires": {
        "@babel/runtime": "^7.21.0",
        "broker-factory": "^3.0.75",
        "fast-unique-numbers": "^7.0.2",
        "recorder-audio-worklet-processor": "^5.0.0",
        "standardized-audio-context": "^25.3.41",
        "subscribable-things": "^2.1.14",
        "tslib": "^2.5.0",
        "worker-factory": "^6.0.76"
      }
    },
    "recorder-audio-worklet-processor": {
      "version": "5.0.0",
      "resolved": "https://registry.npmjs.org/recorder-audio-worklet-processor/-/recorder-audio-worklet-processor-5.0.0.tgz",
      "integrity": "sha512-TFF2OuasWBys7Xnoss7pYDS8sC00ZXpk5XHopivTWtp4J/l70sJgb8N2a5rikcaxXYYtolGqUaKwuTQwkgy90g==",
      "requires": {
        "@babel/runtime": "^7.21.0",
        "tslib": "^2.5.0"
      }
    },
    "regenerator-runtime": {
      "version": "0.13.11",
      "resolved": "https://registry.npmjs.org/regenerator-runtime/-/regenerator-runtime-0.13.11.tgz",
      "integrity": "sha512-kY1AZVr2Ra+t+piVaJ4gxaFaReZVH40AKNo7UCX6W+dEwBo/2oZJzqfuN1qLq1oL45o56cPaTXELwrTh8Fpggg=="
    },
    "rxjs-interop": {
      "version": "2.0.0",
      "resolved": "https://registry.npmjs.org/rxjs-interop/-/rxjs-interop-2.0.0.tgz",
      "integrity": "sha512-ASEq9atUw7lualXB+knvgtvwkCEvGWV2gDD/8qnASzBkzEARZck9JAyxmY8OS6Nc1pCPEgDTKNcx+YqqYfzArw=="
    },
    "standardized-audio-context": {
      "version": "25.3.41",
      "resolved": "https://registry.npmjs.org/standardized-audio-context/-/standardized-audio-context-25.3.41.tgz",
      "integrity": "sha512-NCKY1kLCGN37dnCCIG4NX1LHWRgONvIU6u6GS3nzhMM9CV/M+GR48uIeojjeJBSICfWXfQ+t2N1MTdsgJz3wlA==",
      "requires": {
        "@babel/runtime": "^7.21.0",
        "automation-events": "^5.0.2",
        "tslib": "^2.5.0"
      }
    },
    "subscribable-things": {
      "version": "2.1.14",
      "resolved": "https://registry.npmjs.org/subscribable-things/-/subscribable-things-2.1.14.tgz",
      "integrity": "sha512-+0e6wGpFVa7snrwzY/xwiiQhlpBglvPAhsYK9EhFAcboP5z0eN1W3CQoROYyeY3psiCbwcleb9vaXasKAcvISw==",
      "requires": {
        "@babel/runtime": "^7.21.0",
        "rxjs-interop": "^2.0.0",
        "tslib": "^2.5.0"
      }
    },
    "tslib": {
      "version": "2.5.0",
      "resolved": "https://registry.npmjs.org/tslib/-/tslib-2.5.0.tgz",
      "integrity": "sha512-336iVw3rtn2BUK7ORdIAHTyxHGRIHVReokCR3XjbckJMK7ms8FysBfhLR8IXnAgy7T0PTPNBWKiH514FOW/WSg=="
    },
    "typescript": {
      "version": "5.0.4",
      "resolved": "https://registry.npmjs.org/typescript/-/typescript-5.0.4.tgz",
      "integrity": "sha512-cW9T5W9xY37cc+jfEnaUvX91foxtHkza3Nw3wkoF4sSlKn0MONdkdEndig/qPBWXNkmplh3NzayQzCiHM4/hqw==",
      "dev": true
    },
    "worker-factory": {
      "version": "6.0.76",
      "resolved": "https://registry.npmjs.org/worker-factory/-/worker-factory-6.0.76.tgz",
      "integrity": "sha512-W1iBNPmE9p0asU4aFmYJYCnMxhkvk4qlKc660GlHxWgmflY64NxxTbmKqipu4K5p9LiKKPjqXfcQme6153BZEQ==",
      "requires": {
        "@babel/runtime": "^7.21.0",
        "compilerr": "^10.0.2",
        "fast-unique-numbers": "^7.0.2",
        "tslib": "^2.5.0"
      }
    }
  }
}
